
Microsoft Visual Studio Solution File, Format Version 12.00
# Visual Studio Version 17
VisualStudioVersion = 17.8.34511.84
MinimumVisualStudioVersion = 10.0.40219.1
Project("{FAE04EC0-301F-11D3-BF4B-00C04F79EFBC}") = "AttendanceSysytem", "AttendanceSysytem\AttendanceSysytem.csproj", "{0D76692C-CC56-4B05-BD5D-4EB2A370540B}"
EndProject
Global
	GlobalSection(SolutionConfigurationPlatforms) = preSolution
		Debug|Any CPU = Debug|Any CPU
		Release|Any CPU = Release|Any CPU
	EndGlobalSection
	GlobalSection(ProjectConfigurationPlatforms) = postSolution
		{0D76692C-CC56-4B05-BD5D-4EB2A370540B}.Debug|Any CPU.ActiveCfg = Debug|Any CPU
		{0D76692C-CC56-4B05-BD5D-4EB2A370540B}.Debug|Any CPU.Build.0 = Debug|Any CPU
		{0D76692C-CC56-4B05-BD5D-4EB2A370540B}.Release|Any CPU.ActiveCfg = Release|Any CPU
		{0D76692C-CC56-4B05-BD5D-4EB2A370540B}.Release|Any CPU.Build.0 = Release|Any CPU
	EndGlobalSection
	GlobalSection(SolutionProperties) = preSolution
		HideSolutionNode = FALSE
	EndGlobalSection
	GlobalSection(ExtensibilityGlobals) = postSolution
		SolutionGuid = {B3CF7E25-2645-4D9E-A4F7-88163DCA07C3}
	EndGlobalSection
EndGlobal
